
Microsoft Visual Studio Solution File, Format Version 12.00
# Visual Studio Version 17
VisualStudioVersion = 17.5.33530.505
MinimumVisualStudioVersion = 10.0.40219.1
Project("{FAE04EC0-301F-11D3-BF4B-00C04F79EFBC}") = "AStar", "AStar.csproj", "{14812F4D-FE79-46FC-8A7B-AAB96440C20E}"
EndProject
Global
	GlobalSection(SolutionConfigurationPlatforms) = preSolution
		Debug|Any CPU = Debug|Any CPU
		Release|Any CPU = Release|Any CPU
	EndGlobalSection
	GlobalSection(ProjectConfigurationPlatforms) = postSolution
		{14812F4D-FE79-46FC-8A7B-AAB96440C20E}.Debug|Any CPU.ActiveCfg = Debug|Any CPU
		{14812F4D-FE79-46FC-8A7B-AAB96440C20E}.Debug|Any CPU.Build.0 = Debug|Any CPU
		{14812F4D-FE79-46FC-8A7B-AAB96440C20E}.Release|Any CPU.ActiveCfg = Release|Any CPU
		{14812F4D-FE79-46FC-8A7B-AAB96440C20E}.Release|Any CPU.Build.0 = Release|Any CPU
	EndGlobalSection
	GlobalSection(SolutionProperties) = preSolution
		HideSolutionNode = FALSE
	EndGlobalSection
	GlobalSection(ExtensibilityGlobals) = postSolution
		SolutionGuid = {8AF3013A-7FAF-4951-9709-6C276B866745}
	EndGlobalSection
EndGlobal
